
Microsoft Visual Studio Solution File, Format Version 12.00
# Visual Studio Version 17
VisualStudioVersion = 17.3.32929.385
MinimumVisualStudioVersion = 10.0.40219.1
Project("{9A19103F-16F7-4668-BE54-9A1E7A4F7556}") = "ShopOnline.Api", "ShopOnline.Api\ShopOnline.Api.csproj", "{9F4D4973-883B-4AB2-932D-17FD6450F877}"
EndProject
Project("{9A19103F-16F7-4668-BE54-9A1E7A4F7556}") = "ShopOnline.Models", "ShopOnline.Models\ShopOnline.Models.csproj", "{646647CF-0DA8-4CFC-81BF-DA8D5D441097}"
EndProject
Project("{FAE04EC0-301F-11D3-BF4B-00C04F79EFBC}") = "ShopOnline.Web", "ShopOnline.Web\ShopOnline.Web.csproj", "{3BA45B14-D7BC-4388-A681-CC7FB8CD5E92}"
EndProject
Global
	GlobalSection(SolutionConfigurationPlatforms) = preSolution
		Debug|Any CPU = Debug|Any CPU
		Release|Any CPU = Release|Any CPU
	EndGlobalSection
	GlobalSection(ProjectConfigurationPlatforms) = postSolution
		{9F4D4973-883B-4AB2-932D-17FD6450F877}.Debug|Any CPU.ActiveCfg = Debug|Any CPU
		{9F4D4973-883B-4AB2-932D-17FD6450F877}.Debug|Any CPU.Build.0 = Debug|Any CPU
		{9F4D4973-883B-4AB2-932D-17FD6450F877}.Release|Any CPU.ActiveCfg = Release|Any CPU
		{9F4D4973-883B-4AB2-932D-17FD6450F877}.Release|Any CPU.Build.0 = Release|Any CPU
		{646647CF-0DA8-4CFC-81BF-DA8D5D441097}.Debug|Any CPU.ActiveCfg = Debug|Any CPU
		{646647CF-0DA8-4CFC-81BF-DA8D5D441097}.Debug|Any CPU.Build.0 = Debug|Any CPU
		{646647CF-0DA8-4CFC-81BF-DA8D5D441097}.Release|Any CPU.ActiveCfg = Release|Any CPU
		{646647CF-0DA8-4CFC-81BF-DA8D5D441097}.Release|Any CPU.Build.0 = Release|Any CPU
		{3BA45B14-D7BC-4388-A681-CC7FB8CD5E92}.Debug|Any CPU.ActiveCfg = Debug|Any CPU
		{3BA45B14-D7BC-4388-A681-CC7FB8CD5E92}.Debug|Any CPU.Build.0 = Debug|Any CPU
		{3BA45B14-D7BC-4388-A681-CC7FB8CD5E92}.Release|Any CPU.ActiveCfg = Release|Any CPU
		{3BA45B14-D7BC-4388-A681-CC7FB8CD5E92}.Release|Any CPU.Build.0 = Release|Any CPU
	EndGlobalSection
	GlobalSection(SolutionProperties) = preSolution
		HideSolutionNode = FALSE
	EndGlobalSection
	GlobalSection(ExtensibilityGlobals) = postSolution
		SolutionGuid = {14A86DFA-3BA3-4845-A3ED-6F431A97B053}
	EndGlobalSection
EndGlobal
